
Microsoft Visual Studio Solution File, Format Version 12.00
# Visual Studio 2012
Project("{FAE04EC0-301F-11D3-BF4B-00C04F79EFBC}") = "Griffin.Core", "Griffin.Core\Griffin.Core.csproj", "{744709D5-D4D5-4551-9EBD-CBD7BDF58F5F}"
EndProject
Project("{FAE04EC0-301F-11D3-BF4B-00C04F79EFBC}") = "Griffin.Data.Sqlite", "Griffin.Data.Sqlite\Griffin.Data.Sqlite.csproj", "{EB3DF7D9-06FA-44D7-8052-5DDAC1CDAB01}"
EndProject
Project("{FAE04EC0-301F-11D3-BF4B-00C04F79EFBC}") = "Griffin.Core.Tests", "Griffin.Core.Tests\Griffin.Core.Tests.csproj", "{CBFF69B2-8340-412B-96E1-330131663F98}"
EndProject
Project("{FAE04EC0-301F-11D3-BF4B-00C04F79EFBC}") = "Griffin.Data.Sqlite.IntegrationTests", "Griffin.Data.Sqlite.IntegrationTests\Griffin.Data.Sqlite.IntegrationTests.csproj", "{069652A2-F059-4E8B-8161-B22262F8CC24}"
EndProject
Project("{FAE04EC0-301F-11D3-BF4B-00C04F79EFBC}") = "HttpServerTests", "HttpServerTests\HttpServerTests.csproj", "{C592F67E-72EA-4BB8-899A-CEA86BEAF1CA}"
EndProject
Project("{FAE04EC0-301F-11D3-BF4B-00C04F79EFBC}") = "Griffin.Core.Autofac", "Griffin.Core.Autofac\Griffin.Core.Autofac.csproj", "{5A84711B-AD28-4314-9CDF-0AF8E6E5FC8C}"
EndProject
Project("{FAE04EC0-301F-11D3-BF4B-00C04F79EFBC}") = "Griffin.Cqs", "Griffin.Cqs\Griffin.Cqs.csproj", "{9FEBAD0A-CC01-4105-AC0C-C382E64164E6}"
EndProject
Project("{FAE04EC0-301F-11D3-BF4B-00C04F79EFBC}") = "Griffin.Core.Json", "Griffin.Core.Json\Griffin.Core.Json.csproj", "{B529EF99-44BC-4A4F-A28A-08888BD4F6A0}"
EndProject
Project("{2150E333-8FDC-42A3-9474-1A3956D46DE8}") = ".nuget", ".nuget", "{13675707-0F0F-41C3-827B-B9C942045205}"
	ProjectSection(SolutionItems) = preProject
		.nuget\NuGet.Config = .nuget\NuGet.Config
		.nuget\NuGet.exe = .nuget\NuGet.exe
		.nuget\NuGet.targets = .nuget\NuGet.targets
	EndProjectSection
EndProject
Project("{FAE04EC0-301F-11D3-BF4B-00C04F79EFBC}") = "Griffin.Core.Unity", "Griffin.Core.Unity\Griffin.Core.Unity.csproj", "{4D615B1B-3663-4317-BFEF-37430E0519C4}"
EndProject
Project("{FAE04EC0-301F-11D3-BF4B-00C04F79EFBC}") = "Griffin.Core.Protobuf", "Griffin.Core.Protobuf\Griffin.Core.Protobuf.csproj", "{5A3E8DF2-888A-44C8-8AF6-1932B4054A54}"
EndProject
Project("{2150E333-8FDC-42A3-9474-1A3956D46DE8}") = "Solution Items", "Solution Items", "{AE42C05B-F32A-44C6-8060-D56580AF9026}"
	ProjectSection(SolutionItems) = preProject
		ReadMe.md = ReadMe.md
	EndProjectSection
EndProject
Project("{FAE04EC0-301F-11D3-BF4B-00C04F79EFBC}") = "ServicesDemo", "ServicesDemo\ServicesDemo.csproj", "{3480206C-203E-4371-AE99-DEE71C1B2699}"
EndProject
Global
	GlobalSection(SolutionConfigurationPlatforms) = preSolution
		Debug|Any CPU = Debug|Any CPU
		Release|Any CPU = Release|Any CPU
	EndGlobalSection
	GlobalSection(ProjectConfigurationPlatforms) = postSolution
		{744709D5-D4D5-4551-9EBD-CBD7BDF58F5F}.Debug|Any CPU.ActiveCfg = Debug|Any CPU
		{744709D5-D4D5-4551-9EBD-CBD7BDF58F5F}.Debug|Any CPU.Build.0 = Debug|Any CPU
		{744709D5-D4D5-4551-9EBD-CBD7BDF58F5F}.Release|Any CPU.ActiveCfg = Release|Any CPU
		{744709D5-D4D5-4551-9EBD-CBD7BDF58F5F}.Release|Any CPU.Build.0 = Release|Any CPU
		{EB3DF7D9-06FA-44D7-8052-5DDAC1CDAB01}.Debug|Any CPU.ActiveCfg = Debug|Any CPU
		{EB3DF7D9-06FA-44D7-8052-5DDAC1CDAB01}.Debug|Any CPU.Build.0 = Debug|Any CPU
		{EB3DF7D9-06FA-44D7-8052-5DDAC1CDAB01}.Release|Any CPU.ActiveCfg = Release|Any CPU
		{EB3DF7D9-06FA-44D7-8052-5DDAC1CDAB01}.Release|Any CPU.Build.0 = Release|Any CPU
		{CBFF69B2-8340-412B-96E1-330131663F98}.Debug|Any CPU.ActiveCfg = Debug|Any CPU
		{CBFF69B2-8340-412B-96E1-330131663F98}.Debug|Any CPU.Build.0 = Debug|Any CPU
		{CBFF69B2-8340-412B-96E1-330131663F98}.Release|Any CPU.ActiveCfg = Release|Any CPU
		{CBFF69B2-8340-412B-96E1-330131663F98}.Release|Any CPU.Build.0 = Release|Any CPU
		{069652A2-F059-4E8B-8161-B22262F8CC24}.Debug|Any CPU.ActiveCfg = Debug|Any CPU
		{069652A2-F059-4E8B-8161-B22262F8CC24}.Debug|Any CPU.Build.0 = Debug|Any CPU
		{069652A2-F059-4E8B-8161-B22262F8CC24}.Release|Any CPU.ActiveCfg = Release|Any CPU
		{069652A2-F059-4E8B-8161-B22262F8CC24}.Release|Any CPU.Build.0 = Release|Any CPU
		{C592F67E-72EA-4BB8-899A-CEA86BEAF1CA}.Debug|Any CPU.ActiveCfg = Debug|Any CPU
		{C592F67E-72EA-4BB8-899A-CEA86BEAF1CA}.Debug|Any CPU.Build.0 = Debug|Any CPU
		{C592F67E-72EA-4BB8-899A-CEA86BEAF1CA}.Release|Any CPU.ActiveCfg = Release|Any CPU
		{C592F67E-72EA-4BB8-899A-CEA86BEAF1CA}.Release|Any CPU.Build.0 = Release|Any CPU
		{5A84711B-AD28-4314-9CDF-0AF8E6E5FC8C}.Debug|Any CPU.ActiveCfg = Debug|Any CPU
		{5A84711B-AD28-4314-9CDF-0AF8E6E5FC8C}.Debug|Any CPU.Build.0 = Debug|Any CPU
		{5A84711B-AD28-4314-9CDF-0AF8E6E5FC8C}.Release|Any CPU.ActiveCfg = Release|Any CPU
		{5A84711B-AD28-4314-9CDF-0AF8E6E5FC8C}.Release|Any CPU.Build.0 = Release|Any CPU
		{9FEBAD0A-CC01-4105-AC0C-C382E64164E6}.Debug|Any CPU.ActiveCfg = Debug|Any CPU
		{9FEBAD0A-CC01-4105-AC0C-C382E64164E6}.Debug|Any CPU.Build.0 = Debug|Any CPU
		{9FEBAD0A-CC01-4105-AC0C-C382E64164E6}.Release|Any CPU.ActiveCfg = Release|Any CPU
		{9FEBAD0A-CC01-4105-AC0C-C382E64164E6}.Release|Any CPU.Build.0 = Release|Any CPU
		{B529EF99-44BC-4A4F-A28A-08888BD4F6A0}.Debug|Any CPU.ActiveCfg = Debug|Any CPU
		{B529EF99-44BC-4A4F-A28A-08888BD4F6A0}.Debug|Any CPU.Build.0 = Debug|Any CPU
		{B529EF99-44BC-4A4F-A28A-08888BD4F6A0}.Release|Any CPU.ActiveCfg = Release|Any CPU
		{B529EF99-44BC-4A4F-A28A-08888BD4F6A0}.Release|Any CPU.Build.0 = Release|Any CPU
		{4D615B1B-3663-4317-BFEF-37430E0519C4}.Debug|Any CPU.ActiveCfg = Debug|Any CPU
		{4D615B1B-3663-4317-BFEF-37430E0519C4}.Debug|Any CPU.Build.0 = Debug|Any CPU
		{4D615B1B-3663-4317-BFEF-37430E0519C4}.Release|Any CPU.ActiveCfg = Release|Any CPU
		{4D615B1B-3663-4317-BFEF-37430E0519C4}.Release|Any CPU.Build.0 = Release|Any CPU
		{5A3E8DF2-888A-44C8-8AF6-1932B4054A54}.Debug|Any CPU.ActiveCfg = Debug|Any CPU
		{5A3E8DF2-888A-44C8-8AF6-1932B4054A54}.Debug|Any CPU.Build.0 = Debug|Any CPU
		{5A3E8DF2-888A-44C8-8AF6-1932B4054A54}.Release|Any CPU.ActiveCfg = Release|Any CPU
		{5A3E8DF2-888A-44C8-8AF6-1932B4054A54}.Release|Any CPU.Build.0 = Release|Any CPU
		{3480206C-203E-4371-AE99-DEE71C1B2699}.Debug|Any CPU.ActiveCfg = Debug|Any CPU
		{3480206C-203E-4371-AE99-DEE71C1B2699}.Debug|Any CPU.Build.0 = Debug|Any CPU
		{3480206C-203E-4371-AE99-DEE71C1B2699}.Release|Any CPU.ActiveCfg = Release|Any CPU
		{3480206C-203E-4371-AE99-DEE71C1B2699}.Release|Any CPU.Build.0 = Release|Any CPU
	EndGlobalSection
	GlobalSection(SolutionProperties) = preSolution
		HideSolutionNode = FALSE
	EndGlobalSection
EndGlobal
