
Microsoft Visual Studio Solution File, Format Version 12.00
# Visual Studio 2012
Project("{FAE04EC0-301F-11D3-BF4B-00C04F79EFBC}") = "GriffinFrameworkWeb", "Griffin.FrameworkWeb\GriffinFrameworkWeb.csproj", "{EE66D4A4-33E5-4895-8D43-5060A5DA006C}"
EndProject
Global
	GlobalSection(SolutionConfigurationPlatforms) = preSolution
		Debug|Any CPU = Debug|Any CPU
		Release|Any CPU = Release|Any CPU
	EndGlobalSection
	GlobalSection(ProjectConfigurationPlatforms) = postSolution
		{EE66D4A4-33E5-4895-8D43-5060A5DA006C}.Debug|Any CPU.ActiveCfg = Debug|Any CPU
		{EE66D4A4-33E5-4895-8D43-5060A5DA006C}.Debug|Any CPU.Build.0 = Debug|Any CPU
		{EE66D4A4-33E5-4895-8D43-5060A5DA006C}.Release|Any CPU.ActiveCfg = Release|Any CPU
		{EE66D4A4-33E5-4895-8D43-5060A5DA006C}.Release|Any CPU.Build.0 = Release|Any CPU
	EndGlobalSection
	GlobalSection(SolutionProperties) = preSolution
		HideSolutionNode = FALSE
	EndGlobalSection
EndGlobal
