
Microsoft Visual Studio Solution File, Format Version 12.00
# Visual Studio 2012
Project("{FAE04EC0-301F-11D3-BF4B-00C04F79EFBC}") = "Griffin.Framework", "Griffin.Framework\Griffin.Framework.csproj", "{1DF5F854-9316-4611-8024-1160D3FC3DD2}"
EndProject
Project("{FAE04EC0-301F-11D3-BF4B-00C04F79EFBC}") = "Griffin.Framework.Tests", "Griffin.Core.Tests\Griffin.Framework.Tests.csproj", "{F0DE6572-A8B2-4955-AA58-68337768F2DA}"
EndProject
Global
	GlobalSection(SolutionConfigurationPlatforms) = preSolution
		Debug|Any CPU = Debug|Any CPU
		Release|Any CPU = Release|Any CPU
	EndGlobalSection
	GlobalSection(ProjectConfigurationPlatforms) = postSolution
		{1DF5F854-9316-4611-8024-1160D3FC3DD2}.Debug|Any CPU.ActiveCfg = Debug|Any CPU
		{1DF5F854-9316-4611-8024-1160D3FC3DD2}.Debug|Any CPU.Build.0 = Debug|Any CPU
		{1DF5F854-9316-4611-8024-1160D3FC3DD2}.Release|Any CPU.ActiveCfg = Release|Any CPU
		{1DF5F854-9316-4611-8024-1160D3FC3DD2}.Release|Any CPU.Build.0 = Release|Any CPU
		{F0DE6572-A8B2-4955-AA58-68337768F2DA}.Debug|Any CPU.ActiveCfg = Debug|Any CPU
		{F0DE6572-A8B2-4955-AA58-68337768F2DA}.Debug|Any CPU.Build.0 = Debug|Any CPU
		{F0DE6572-A8B2-4955-AA58-68337768F2DA}.Release|Any CPU.ActiveCfg = Release|Any CPU
		{F0DE6572-A8B2-4955-AA58-68337768F2DA}.Release|Any CPU.Build.0 = Release|Any CPU
	EndGlobalSection
	GlobalSection(SolutionProperties) = preSolution
		HideSolutionNode = FALSE
	EndGlobalSection
EndGlobal
